
Microsoft Visual Studio Solution File, Format Version 12.00
# Visual Studio Version 17
VisualStudioVersion = 17.7.34031.279
MinimumVisualStudioVersion = 10.0.40219.1
Project("{FAE04EC0-301F-11D3-BF4B-00C04F79EFBC}") = "csharp-cibi-preferiti", "csharp-cibi-preferiti\csharp-cibi-preferiti.csproj", "{99B8E6D3-ABBA-416A-BB8E-F8271B945AEA}"
EndProject
Global
	GlobalSection(SolutionConfigurationPlatforms) = preSolution
		Debug|Any CPU = Debug|Any CPU
		Release|Any CPU = Release|Any CPU
	EndGlobalSection
	GlobalSection(ProjectConfigurationPlatforms) = postSolution
		{99B8E6D3-ABBA-416A-BB8E-F8271B945AEA}.Debug|Any CPU.ActiveCfg = Debug|Any CPU
		{99B8E6D3-ABBA-416A-BB8E-F8271B945AEA}.Debug|Any CPU.Build.0 = Debug|Any CPU
		{99B8E6D3-ABBA-416A-BB8E-F8271B945AEA}.Release|Any CPU.ActiveCfg = Release|Any CPU
		{99B8E6D3-ABBA-416A-BB8E-F8271B945AEA}.Release|Any CPU.Build.0 = Release|Any CPU
	EndGlobalSection
	GlobalSection(SolutionProperties) = preSolution
		HideSolutionNode = FALSE
	EndGlobalSection
	GlobalSection(ExtensibilityGlobals) = postSolution
		SolutionGuid = {7BA3E282-7085-43A6-944E-85D4B91D76B2}
	EndGlobalSection
EndGlobal
